
Microsoft Visual Studio Solution File, Format Version 12.00
# Visual Studio Version 17
VisualStudioVersion = 17.12.35527.113
MinimumVisualStudioVersion = 10.0.40219.1
Project("{FAE04EC0-301F-11D3-BF4B-00C04F79EFBC}") = "CargoDeliveryWeb", "CargoDeliveryWeb\CargoDeliveryWeb.csproj", "{B92F6692-2B84-421D-97F9-015801285346}"
EndProject
Project("{FAE04EC0-301F-11D3-BF4B-00C04F79EFBC}") = "CargoDeliveryWeb.Data", "CargoDeliveryWeb.Data\CargoDeliveryWeb.Data.csproj", "{3CBDF083-DE8C-40AC-9D13-E371B0F8E72D}"
EndProject
Project("{FAE04EC0-301F-11D3-BF4B-00C04F79EFBC}") = "CargoDeliveryWeb.Business", "CargoDeliveryWeb.Business\CargoDeliveryWeb.Business.csproj", "{2CA43E26-F216-40D7-BB2A-B553176474F0}"
EndProject
Global
	GlobalSection(SolutionConfigurationPlatforms) = preSolution
		Debug|Any CPU = Debug|Any CPU
		Release|Any CPU = Release|Any CPU
	EndGlobalSection
	GlobalSection(ProjectConfigurationPlatforms) = postSolution
		{B92F6692-2B84-421D-97F9-015801285346}.Debug|Any CPU.ActiveCfg = Debug|Any CPU
		{B92F6692-2B84-421D-97F9-015801285346}.Debug|Any CPU.Build.0 = Debug|Any CPU
		{B92F6692-2B84-421D-97F9-015801285346}.Release|Any CPU.ActiveCfg = Release|Any CPU
		{B92F6692-2B84-421D-97F9-015801285346}.Release|Any CPU.Build.0 = Release|Any CPU
		{3CBDF083-DE8C-40AC-9D13-E371B0F8E72D}.Debug|Any CPU.ActiveCfg = Debug|Any CPU
		{3CBDF083-DE8C-40AC-9D13-E371B0F8E72D}.Debug|Any CPU.Build.0 = Debug|Any CPU
		{3CBDF083-DE8C-40AC-9D13-E371B0F8E72D}.Release|Any CPU.ActiveCfg = Release|Any CPU
		{3CBDF083-DE8C-40AC-9D13-E371B0F8E72D}.Release|Any CPU.Build.0 = Release|Any CPU
		{2CA43E26-F216-40D7-BB2A-B553176474F0}.Debug|Any CPU.ActiveCfg = Debug|Any CPU
		{2CA43E26-F216-40D7-BB2A-B553176474F0}.Debug|Any CPU.Build.0 = Debug|Any CPU
		{2CA43E26-F216-40D7-BB2A-B553176474F0}.Release|Any CPU.ActiveCfg = Release|Any CPU
		{2CA43E26-F216-40D7-BB2A-B553176474F0}.Release|Any CPU.Build.0 = Release|Any CPU
	EndGlobalSection
	GlobalSection(SolutionProperties) = preSolution
		HideSolutionNode = FALSE
	EndGlobalSection
EndGlobal
